
Microsoft Visual Studio Solution File, Format Version 12.00
# Visual Studio Version 16
VisualStudioVersion = 16.0.30114.105
MinimumVisualStudioVersion = 10.0.40219.1
Project("{FAE04EC0-301F-11D3-BF4B-00C04F79EFBC}") = "Slither.WebAPI", "Slither.WebAPI\Slither.WebAPI.csproj", "{1BB56E3F-A26A-4A8E-9668-E5425D957E7C}"
EndProject
Project("{FAE04EC0-301F-11D3-BF4B-00C04F79EFBC}") = "Slither.Data", "Slither.Data\Slither.Data.csproj", "{39926779-7D2B-40DC-9A88-AF4781E772CD}"
EndProject
Project("{FAE04EC0-301F-11D3-BF4B-00C04F79EFBC}") = "Slither.Models", "Slither.Models\Slither.Models.csproj", "{075566BC-C735-4131-A750-A625E4B6DAA4}"
EndProject
Project("{FAE04EC0-301F-11D3-BF4B-00C04F79EFBC}") = "Slither.Services", "Slither.Services\Slither.Services.csproj", "{42F9D634-633B-4F2E-B53A-C80BE160FD5C}"
EndProject
Global
	GlobalSection(SolutionConfigurationPlatforms) = preSolution
		Debug|Any CPU = Debug|Any CPU
		Debug|x64 = Debug|x64
		Debug|x86 = Debug|x86
		Release|Any CPU = Release|Any CPU
		Release|x64 = Release|x64
		Release|x86 = Release|x86
	EndGlobalSection
	GlobalSection(SolutionProperties) = preSolution
		HideSolutionNode = FALSE
	EndGlobalSection
	GlobalSection(ProjectConfigurationPlatforms) = postSolution
		{1BB56E3F-A26A-4A8E-9668-E5425D957E7C}.Debug|Any CPU.ActiveCfg = Debug|Any CPU
		{1BB56E3F-A26A-4A8E-9668-E5425D957E7C}.Debug|Any CPU.Build.0 = Debug|Any CPU
		{1BB56E3F-A26A-4A8E-9668-E5425D957E7C}.Debug|x64.ActiveCfg = Debug|Any CPU
		{1BB56E3F-A26A-4A8E-9668-E5425D957E7C}.Debug|x64.Build.0 = Debug|Any CPU
		{1BB56E3F-A26A-4A8E-9668-E5425D957E7C}.Debug|x86.ActiveCfg = Debug|Any CPU
		{1BB56E3F-A26A-4A8E-9668-E5425D957E7C}.Debug|x86.Build.0 = Debug|Any CPU
		{1BB56E3F-A26A-4A8E-9668-E5425D957E7C}.Release|Any CPU.ActiveCfg = Release|Any CPU
		{1BB56E3F-A26A-4A8E-9668-E5425D957E7C}.Release|Any CPU.Build.0 = Release|Any CPU
		{1BB56E3F-A26A-4A8E-9668-E5425D957E7C}.Release|x64.ActiveCfg = Release|Any CPU
		{1BB56E3F-A26A-4A8E-9668-E5425D957E7C}.Release|x64.Build.0 = Release|Any CPU
		{1BB56E3F-A26A-4A8E-9668-E5425D957E7C}.Release|x86.ActiveCfg = Release|Any CPU
		{1BB56E3F-A26A-4A8E-9668-E5425D957E7C}.Release|x86.Build.0 = Release|Any CPU
		{39926779-7D2B-40DC-9A88-AF4781E772CD}.Debug|Any CPU.ActiveCfg = Debug|Any CPU
		{39926779-7D2B-40DC-9A88-AF4781E772CD}.Debug|Any CPU.Build.0 = Debug|Any CPU
		{39926779-7D2B-40DC-9A88-AF4781E772CD}.Debug|x64.ActiveCfg = Debug|Any CPU
		{39926779-7D2B-40DC-9A88-AF4781E772CD}.Debug|x64.Build.0 = Debug|Any CPU
		{39926779-7D2B-40DC-9A88-AF4781E772CD}.Debug|x86.ActiveCfg = Debug|Any CPU
		{39926779-7D2B-40DC-9A88-AF4781E772CD}.Debug|x86.Build.0 = Debug|Any CPU
		{39926779-7D2B-40DC-9A88-AF4781E772CD}.Release|Any CPU.ActiveCfg = Release|Any CPU
		{39926779-7D2B-40DC-9A88-AF4781E772CD}.Release|Any CPU.Build.0 = Release|Any CPU
		{39926779-7D2B-40DC-9A88-AF4781E772CD}.Release|x64.ActiveCfg = Release|Any CPU
		{39926779-7D2B-40DC-9A88-AF4781E772CD}.Release|x64.Build.0 = Release|Any CPU
		{39926779-7D2B-40DC-9A88-AF4781E772CD}.Release|x86.ActiveCfg = Release|Any CPU
		{39926779-7D2B-40DC-9A88-AF4781E772CD}.Release|x86.Build.0 = Release|Any CPU
		{075566BC-C735-4131-A750-A625E4B6DAA4}.Debug|Any CPU.ActiveCfg = Debug|Any CPU
		{075566BC-C735-4131-A750-A625E4B6DAA4}.Debug|Any CPU.Build.0 = Debug|Any CPU
		{075566BC-C735-4131-A750-A625E4B6DAA4}.Debug|x64.ActiveCfg = Debug|Any CPU
		{075566BC-C735-4131-A750-A625E4B6DAA4}.Debug|x64.Build.0 = Debug|Any CPU
		{075566BC-C735-4131-A750-A625E4B6DAA4}.Debug|x86.ActiveCfg = Debug|Any CPU
		{075566BC-C735-4131-A750-A625E4B6DAA4}.Debug|x86.Build.0 = Debug|Any CPU
		{075566BC-C735-4131-A750-A625E4B6DAA4}.Release|Any CPU.ActiveCfg = Release|Any CPU
		{075566BC-C735-4131-A750-A625E4B6DAA4}.Release|Any CPU.Build.0 = Release|Any CPU
		{075566BC-C735-4131-A750-A625E4B6DAA4}.Release|x64.ActiveCfg = Release|Any CPU
		{075566BC-C735-4131-A750-A625E4B6DAA4}.Release|x64.Build.0 = Release|Any CPU
		{075566BC-C735-4131-A750-A625E4B6DAA4}.Release|x86.ActiveCfg = Release|Any CPU
		{075566BC-C735-4131-A750-A625E4B6DAA4}.Release|x86.Build.0 = Release|Any CPU
		{42F9D634-633B-4F2E-B53A-C80BE160FD5C}.Debug|Any CPU.ActiveCfg = Debug|Any CPU
		{42F9D634-633B-4F2E-B53A-C80BE160FD5C}.Debug|Any CPU.Build.0 = Debug|Any CPU
		{42F9D634-633B-4F2E-B53A-C80BE160FD5C}.Debug|x64.ActiveCfg = Debug|Any CPU
		{42F9D634-633B-4F2E-B53A-C80BE160FD5C}.Debug|x64.Build.0 = Debug|Any CPU
		{42F9D634-633B-4F2E-B53A-C80BE160FD5C}.Debug|x86.ActiveCfg = Debug|Any CPU
		{42F9D634-633B-4F2E-B53A-C80BE160FD5C}.Debug|x86.Build.0 = Debug|Any CPU
		{42F9D634-633B-4F2E-B53A-C80BE160FD5C}.Release|Any CPU.ActiveCfg = Release|Any CPU
		{42F9D634-633B-4F2E-B53A-C80BE160FD5C}.Release|Any CPU.Build.0 = Release|Any CPU
		{42F9D634-633B-4F2E-B53A-C80BE160FD5C}.Release|x64.ActiveCfg = Release|Any CPU
		{42F9D634-633B-4F2E-B53A-C80BE160FD5C}.Release|x64.Build.0 = Release|Any CPU
		{42F9D634-633B-4F2E-B53A-C80BE160FD5C}.Release|x86.ActiveCfg = Release|Any CPU
		{42F9D634-633B-4F2E-B53A-C80BE160FD5C}.Release|x86.Build.0 = Release|Any CPU
	EndGlobalSection
EndGlobal
